
Microsoft Visual Studio Solution File, Format Version 12.00
# Visual Studio Version 17
VisualStudioVersion = 17.1.32328.378
MinimumVisualStudioVersion = 10.0.40219.1
Project("{FAE04EC0-301F-11D3-BF4B-00C04F79EFBC}") = "ChatApi", "ChatApi\ChatApi.csproj", "{7489139F-D9DF-44B8-BD39-F3B82BB1EDCB}"
EndProject
Global
	GlobalSection(SolutionConfigurationPlatforms) = preSolution
		Debug|Any CPU = Debug|Any CPU
		Release|Any CPU = Release|Any CPU
	EndGlobalSection
	GlobalSection(ProjectConfigurationPlatforms) = postSolution
		{7489139F-D9DF-44B8-BD39-F3B82BB1EDCB}.Debug|Any CPU.ActiveCfg = Debug|Any CPU
		{7489139F-D9DF-44B8-BD39-F3B82BB1EDCB}.Debug|Any CPU.Build.0 = Debug|Any CPU
		{7489139F-D9DF-44B8-BD39-F3B82BB1EDCB}.Release|Any CPU.ActiveCfg = Release|Any CPU
		{7489139F-D9DF-44B8-BD39-F3B82BB1EDCB}.Release|Any CPU.Build.0 = Release|Any CPU
	EndGlobalSection
	GlobalSection(SolutionProperties) = preSolution
		HideSolutionNode = FALSE
	EndGlobalSection
	GlobalSection(ExtensibilityGlobals) = postSolution
		SolutionGuid = {35C6A7AC-CF3A-4140-979B-BA39A1678DB8}
	EndGlobalSection
EndGlobal
